
Microsoft Visual Studio Solution File, Format Version 12.00
# Visual Studio Version 17
VisualStudioVersion = 17.0.32126.317
MinimumVisualStudioVersion = 10.0.40219.1
Project("{FAE04EC0-301F-11D3-BF4B-00C04F79EFBC}") = "CrownWebAppliction", "CrownWebAppliction\CrownWebAppliction.csproj", "{9FD01DAC-F84B-4268-8F8A-CC9B07E6B9A6}"
EndProject
Global
	GlobalSection(SolutionConfigurationPlatforms) = preSolution
		Debug|Any CPU = Debug|Any CPU
		Release|Any CPU = Release|Any CPU
	EndGlobalSection
	GlobalSection(ProjectConfigurationPlatforms) = postSolution
		{9FD01DAC-F84B-4268-8F8A-CC9B07E6B9A6}.Debug|Any CPU.ActiveCfg = Debug|Any CPU
		{9FD01DAC-F84B-4268-8F8A-CC9B07E6B9A6}.Debug|Any CPU.Build.0 = Debug|Any CPU
		{9FD01DAC-F84B-4268-8F8A-CC9B07E6B9A6}.Release|Any CPU.ActiveCfg = Release|Any CPU
		{9FD01DAC-F84B-4268-8F8A-CC9B07E6B9A6}.Release|Any CPU.Build.0 = Release|Any CPU
	EndGlobalSection
	GlobalSection(SolutionProperties) = preSolution
		HideSolutionNode = FALSE
	EndGlobalSection
	GlobalSection(ExtensibilityGlobals) = postSolution
		SolutionGuid = {D6E5AA6F-A5FF-4D25-9484-48D9AF6ABB5A}
	EndGlobalSection
EndGlobal
